
Microsoft Visual Studio Solution File, Format Version 12.00
# Visual Studio Version 17
VisualStudioVersion = 17.6.33829.357
MinimumVisualStudioVersion = 10.0.40219.1
Project("{FAE04EC0-301F-11D3-BF4B-00C04F79EFBC}") = "YalatefYakareem", "YalatefYakareem.csproj", "{66103BCD-30FF-4E48-9F6A-98737939DC97}"
EndProject
Global
	GlobalSection(SolutionConfigurationPlatforms) = preSolution
		Debug|Any CPU = Debug|Any CPU
		Release|Any CPU = Release|Any CPU
	EndGlobalSection
	GlobalSection(ProjectConfigurationPlatforms) = postSolution
		{66103BCD-30FF-4E48-9F6A-98737939DC97}.Debug|Any CPU.ActiveCfg = Debug|Any CPU
		{66103BCD-30FF-4E48-9F6A-98737939DC97}.Debug|Any CPU.Build.0 = Debug|Any CPU
		{66103BCD-30FF-4E48-9F6A-98737939DC97}.Release|Any CPU.ActiveCfg = Release|Any CPU
		{66103BCD-30FF-4E48-9F6A-98737939DC97}.Release|Any CPU.Build.0 = Release|Any CPU
	EndGlobalSection
	GlobalSection(SolutionProperties) = preSolution
		HideSolutionNode = FALSE
	EndGlobalSection
	GlobalSection(ExtensibilityGlobals) = postSolution
		SolutionGuid = {161473B7-01A8-4283-9EA3-A74C6C4943DF}
	EndGlobalSection
EndGlobal
